
Microsoft Visual Studio Solution File, Format Version 12.00
# Visual Studio 15
VisualStudioVersion = 15.0.33801.198
MinimumVisualStudioVersion = 10.0.40219.1
Project("{FAE04EC0-301F-11D3-BF4B-00C04F79EFBC}") = "ActiveWorkReminderApp", "ActiveWorkReminderApp\ActiveWorkReminderApp.csproj", "{C98CACD6-52EE-4CE4-B5F6-428C90514CE8}"
EndProject
Global
	GlobalSection(SolutionConfigurationPlatforms) = preSolution
		Debug|Any CPU = Debug|Any CPU
		Release|Any CPU = Release|Any CPU
	EndGlobalSection
	GlobalSection(ProjectConfigurationPlatforms) = postSolution
		{C98CACD6-52EE-4CE4-B5F6-428C90514CE8}.Debug|Any CPU.ActiveCfg = Debug|Any CPU
		{C98CACD6-52EE-4CE4-B5F6-428C90514CE8}.Debug|Any CPU.Build.0 = Debug|Any CPU
		{C98CACD6-52EE-4CE4-B5F6-428C90514CE8}.Release|Any CPU.ActiveCfg = Release|Any CPU
		{C98CACD6-52EE-4CE4-B5F6-428C90514CE8}.Release|Any CPU.Build.0 = Release|Any CPU
	EndGlobalSection
	GlobalSection(SolutionProperties) = preSolution
		HideSolutionNode = FALSE
	EndGlobalSection
	GlobalSection(ExtensibilityGlobals) = postSolution
		SolutionGuid = {B966DEFA-3B73-4826-865A-F5D87B3904D7}
	EndGlobalSection
EndGlobal
